// !$*UTF8*$!
{
	archiveVersion = 1;
	classes = {
	};
	objectVersion = 56;
	objects = {

/* Begin PBXBuildFile section */
		4011EECD2961C9B000A36D87 /* LICENSE in Resources */ = {isa = PBXBuildFile; fileRef = 4011EECC2961C9B000A36D87 /* LICENSE */; };
		40245EF6296BE7D4007B5DAB /* ExerciseRunList.swift in Sources */ = {isa = PBXBuildFile; fileRef = 40245EF5296BE7D4007B5DAB /* ExerciseRunList.swift */; };
		402A5F2F296B7FE000A43DB3 /* HistoryView.swift in Sources */ = {isa = PBXBuildFile; fileRef = 402A5F2E296B7F7B00A43DB3 /* HistoryView.swift */; };
		402A5F32296B835B00A43DB3 /* Tabler in Frameworks */ = {isa = PBXBuildFile; productRef = 402A5F31296B835B00A43DB3 /* Tabler */; };
		403CA2CE2971F6660084785B /* ZIPFoundation in Frameworks */ = {isa = PBXBuildFile; productRef = 403CA2CD2971F6660084785B /* ZIPFoundation */; };
		403CA2D22972829F0084785B /* PhoneSettingsForm.swift in Sources */ = {isa = PBXBuildFile; fileRef = 403CA2D12972829F0084785B /* PhoneSettingsForm.swift */; };
		408FACFE296CAC9300D02C9C /* RoutineRunList.swift in Sources */ = {isa = PBXBuildFile; fileRef = 408FACFD296CABC400D02C9C /* RoutineRunList.swift */; };
		40B51E45294549DF0047377A /* GroutUI in Frameworks */ = {isa = PBXBuildFile; productRef = 40B51E44294549DF0047377A /* GroutUI */; };
		40CCF3F629454D2B007DDE69 /* GroutLib in Frameworks */ = {isa = PBXBuildFile; productRef = 40CCF3F529454D2B007DDE69 /* GroutLib */; };
		40E347BE29452CF1003A19B9 /* PlusApp.swift in Sources */ = {isa = PBXBuildFile; fileRef = 40E347BD29452CF1003A19B9 /* PlusApp.swift */; };
		40E347C029452CF1003A19B9 /* ContentView.swift in Sources */ = {isa = PBXBuildFile; fileRef = 40E347BF29452CF1003A19B9 /* ContentView.swift */; };
		40E347C229452CF1003A19B9 /* Assets.xcassets in Resources */ = {isa = PBXBuildFile; fileRef = 40E347C129452CF1003A19B9 /* Assets.xcassets */; };
		40E347C629452CF1003A19B9 /* Preview Assets.xcassets in Resources */ = {isa = PBXBuildFile; fileRef = 40E347C529452CF1003A19B9 /* Preview Assets.xcassets */; };
		40E347D329452E4B003A19B9 /* Compactor in Frameworks */ = {isa = PBXBuildFile; productRef = 40E347D229452E4B003A19B9 /* Compactor */; };
		40EBE1CC29635306004B9189 /* GroutUI in Frameworks */ = {isa = PBXBuildFile; productRef = 40EBE1CB29635306004B9189 /* GroutUI */; };
/* End PBXBuildFile section */

/* Begin PBXFileReference section */
		4011EECC2961C9B000A36D87 /* LICENSE */ = {isa = PBXFileReference; fileEncoding = 4; lastKnownFileType = text; path = LICENSE; sourceTree = "<group>"; };
		4011EECE2961C9BC00A36D87 /* README.md */ = {isa = PBXFileReference; lastKnownFileType = net.daringfireball.markdown; path = README.md; sourceTree = "<group>"; };
		40245EF5296BE7D4007B5DAB /* ExerciseRunList.swift */ = {isa = PBXFileReference; lastKnownFileType = sourcecode.swift; path = ExerciseRunList.swift; sourceTree = "<group>"; };
		402A5F2E296B7F7B00A43DB3 /* HistoryView.swift */ = {isa = PBXFileReference; lastKnownFileType = sourcecode.swift; path = HistoryView.swift; sourceTree = "<group>"; };
		403CA2D12972829F0084785B /* PhoneSettingsForm.swift */ = {isa = PBXFileReference; lastKnownFileType = sourcecode.swift; path = PhoneSettingsForm.swift; sourceTree = "<group>"; };
		408FACFD296CABC400D02C9C /* RoutineRunList.swift */ = {isa = PBXFileReference; lastKnownFileType = sourcecode.swift; path = RoutineRunList.swift; sourceTree = "<group>"; };
		40E347BA29452CF1003A19B9 /* Gym Routine Tracker Plus.app */ = {isa = PBXFileReference; explicitFileType = wrapper.application; includeInIndex = 0; path = "Gym Routine Tracker Plus.app"; sourceTree = BUILT_PRODUCTS_DIR; };
		40E347BD29452CF1003A19B9 /* PlusApp.swift */ = {isa = PBXFileReference; lastKnownFileType = sourcecode.swift; path = PlusApp.swift; sourceTree = "<group>"; };
		40E347BF29452CF1003A19B9 /* ContentView.swift */ = {isa = PBXFileReference; lastKnownFileType = sourcecode.swift; path = ContentView.swift; sourceTree = "<group>"; };
		40E347C129452CF1003A19B9 /* Assets.xcassets */ = {isa = PBXFileReference; lastKnownFileType = folder.assetcatalog; path = Assets.xcassets; sourceTree = "<group>"; };
		40E347C329452CF1003A19B9 /* App.entitlements */ = {isa = PBXFileReference; lastKnownFileType = text.plist.entitlements; path = App.entitlements; sourceTree = "<group>"; };
		40E347C529452CF1003A19B9 /* Preview Assets.xcassets */ = {isa = PBXFileReference; lastKnownFileType = folder.assetcatalog; path = "Preview Assets.xcassets"; sourceTree = "<group>"; };
		40EBCFDE294BFB880082A172 /* Info.plist */ = {isa = PBXFileReference; lastKnownFileType = text.plist.xml; path = Info.plist; sourceTree = "<group>"; };
/* End PBXFileReference section */

/* Begin PBXFrameworksBuildPhase section */
		40E347B729452CF1003A19B9 /* Frameworks */ = {
			isa = PBXFrameworksBuildPhase;
			buildActionMask = 2147483647;
			files = (
				402A5F32296B835B00A43DB3 /* Tabler in Frameworks */,
				40B51E45294549DF0047377A /* GroutUI in Frameworks */,
				40E347D329452E4B003A19B9 /* Compactor in Frameworks */,
				40EBE1CC29635306004B9189 /* GroutUI in Frameworks */,
				40CCF3F629454D2B007DDE69 /* GroutLib in Frameworks */,
				403CA2CE2971F6660084785B /* ZIPFoundation in Frameworks */,
			);
			runOnlyForDeploymentPostprocessing = 0;
		};
/* End PBXFrameworksBuildPhase section */

/* Begin PBXGroup section */
		401064DB2973378C00BFB00E /* Views */ = {
			isa = PBXGroup;
			children = (
				40E347BF29452CF1003A19B9 /* ContentView.swift */,
				40245EF5296BE7D4007B5DAB /* ExerciseRunList.swift */,
				402A5F2E296B7F7B00A43DB3 /* HistoryView.swift */,
				403CA2D12972829F0084785B /* PhoneSettingsForm.swift */,
				408FACFD296CABC400D02C9C /* RoutineRunList.swift */,
			);
			path = Views;
			sourceTree = "<group>";
		};
		40B51E41294549D90047377A /* Frameworks */ = {
			isa = PBXGroup;
			children = (
			);
			name = Frameworks;
			sourceTree = "<group>";
		};
		40E347B129452CF0003A19B9 = {
			isa = PBXGroup;
			children = (
				4011EECC2961C9B000A36D87 /* LICENSE */,
				4011EECE2961C9BC00A36D87 /* README.md */,
				40E347BC29452CF1003A19B9 /* Sources */,
				40E347BB29452CF1003A19B9 /* Products */,
				40B51E41294549D90047377A /* Frameworks */,
			);
			sourceTree = "<group>";
		};
		40E347BB29452CF1003A19B9 /* Products */ = {
			isa = PBXGroup;
			children = (
				40E347BA29452CF1003A19B9 /* Gym Routine Tracker Plus.app */,
			);
			name = Products;
			sourceTree = "<group>";
		};
		40E347BC29452CF1003A19B9 /* Sources */ = {
			isa = PBXGroup;
			children = (
				40E347BD29452CF1003A19B9 /* PlusApp.swift */,
				401064DB2973378C00BFB00E /* Views */,
				40E347C329452CF1003A19B9 /* App.entitlements */,
				40E347C129452CF1003A19B9 /* Assets.xcassets */,
				40EBCFDE294BFB880082A172 /* Info.plist */,
				40E347C429452CF1003A19B9 /* Preview Content */,
			);
			path = Sources;
			sourceTree = "<group>";
		};
		40E347C429452CF1003A19B9 /* Preview Content */ = {
			isa = PBXGroup;
			children = (
				40E347C529452CF1003A19B9 /* Preview Assets.xcassets */,
			);
			path = "Preview Content";
			sourceTree = "<group>";
		};
/* End PBXGroup section */

/* Begin PBXNativeTarget section */
		40E347B929452CF1003A19B9 /* Gym Routine Tracker Plus */ = {
			isa = PBXNativeTarget;
			buildConfigurationList = 40E347C929452CF1003A19B9 /* Build configuration list for PBXNativeTarget "Gym Routine Tracker Plus" */;
			buildPhases = (
				40E347B629452CF1003A19B9 /* Sources */,
				40E347B729452CF1003A19B9 /* Frameworks */,
				40E347B829452CF1003A19B9 /* Resources */,
			);
			buildRules = (
			);
			dependencies = (
			);
			name = "Gym Routine Tracker Plus";
			packageProductDependencies = (
				40E347D229452E4B003A19B9 /* Compactor */,
				40B51E44294549DF0047377A /* GroutUI */,
				40CCF3F529454D2B007DDE69 /* GroutLib */,
				40EBE1CB29635306004B9189 /* GroutUI */,
				402A5F31296B835B00A43DB3 /* Tabler */,
				403CA2CD2971F6660084785B /* ZIPFoundation */,
			);
			productName = "Gym Routine Tracker Plus";
			productReference = 40E347BA29452CF1003A19B9 /* Gym Routine Tracker Plus.app */;
			productType = "com.apple.product-type.application";
		};
/* End PBXNativeTarget section */

/* Begin PBXProject section */
		40E347B229452CF0003A19B9 /* Project object */ = {
			isa = PBXProject;
			attributes = {
				BuildIndependentTargetsInParallel = 1;
				LastSwiftUpdateCheck = 1410;
				LastUpgradeCheck = 1420;
				TargetAttributes = {
					40E347B929452CF1003A19B9 = {
						CreatedOnToolsVersion = 14.1;
					};
				};
			};
			buildConfigurationList = 40E347B529452CF0003A19B9 /* Build configuration list for PBXProject "Gym Routine Tracker Plus" */;
			compatibilityVersion = "Xcode 14.0";
			developmentRegion = en;
			hasScannedForEncodings = 0;
			knownRegions = (
				en,
				Base,
			);
			mainGroup = 40E347B129452CF0003A19B9;
			packageReferences = (
				40E347D129452E4B003A19B9 /* XCRemoteSwiftPackageReference "SwiftCompactor" */,
				40EBE1CA29635306004B9189 /* XCRemoteSwiftPackageReference "GroutUI" */,
				402A5F30296B835B00A43DB3 /* XCRemoteSwiftPackageReference "SwiftTabler" */,
				403CA2CC2971F6660084785B /* XCRemoteSwiftPackageReference "ZIPFoundation" */,
			);
			productRefGroup = 40E347BB29452CF1003A19B9 /* Products */;
			projectDirPath = "";
			projectRoot = "";
			targets = (
				40E347B929452CF1003A19B9 /* Gym Routine Tracker Plus */,
			);
		};
/* End PBXProject section */

/* Begin PBXResourcesBuildPhase section */
		40E347B829452CF1003A19B9 /* Resources */ = {
			isa = PBXResourcesBuildPhase;
			buildActionMask = 2147483647;
			files = (
				4011EECD2961C9B000A36D87 /* LICENSE in Resources */,
				40E347C629452CF1003A19B9 /* Preview Assets.xcassets in Resources */,
				40E347C229452CF1003A19B9 /* Assets.xcassets in Resources */,
			);
			runOnlyForDeploymentPostprocessing = 0;
		};
/* End PBXResourcesBuildPhase section */

/* Begin PBXSourcesBuildPhase section */
		40E347B629452CF1003A19B9 /* Sources */ = {
			isa = PBXSourcesBuildPhase;
			buildActionMask = 2147483647;
			files = (
				40E347C029452CF1003A19B9 /* ContentView.swift in Sources */,
				403CA2D22972829F0084785B /* PhoneSettingsForm.swift in Sources */,
				408FACFE296CAC9300D02C9C /* RoutineRunList.swift in Sources */,
				40245EF6296BE7D4007B5DAB /* ExerciseRunList.swift in Sources */,
				402A5F2F296B7FE000A43DB3 /* HistoryView.swift in Sources */,
				40E347BE29452CF1003A19B9 /* PlusApp.swift in Sources */,
			);
			runOnlyForDeploymentPostprocessing = 0;
		};
/* End PBXSourcesBuildPhase section */

/* Begin XCBuildConfiguration section */
		40E347C729452CF1003A19B9 /* Debug */ = {
			isa = XCBuildConfiguration;
			buildSettings = {
				ALWAYS_SEARCH_USER_PATHS = NO;
				CLANG_ANALYZER_NONNULL = YES;
				CLANG_ANALYZER_NUMBER_OBJECT_CONVERSION = YES_AGGRESSIVE;
				CLANG_CXX_LANGUAGE_STANDARD = "gnu++20";
				CLANG_ENABLE_MODULES = YES;
				CLANG_ENABLE_OBJC_ARC = YES;
				CLANG_ENABLE_OBJC_WEAK = YES;
				CLANG_WARN_BLOCK_CAPTURE_AUTORELEASING = YES;
				CLANG_WARN_BOOL_CONVERSION = YES;
				CLANG_WARN_COMMA = YES;
				CLANG_WARN_CONSTANT_CONVERSION = YES;
				CLANG_WARN_DEPRECATED_OBJC_IMPLEMENTATIONS = YES;
				CLANG_WARN_DIRECT_OBJC_ISA_USAGE = YES_ERROR;
				CLANG_WARN_DOCUMENTATION_COMMENTS = YES;
				CLANG_WARN_EMPTY_BODY = YES;
				CLANG_WARN_ENUM_CONVERSION = YES;
				CLANG_WARN_INFINITE_RECURSION = YES;
				CLANG_WARN_INT_CONVERSION = YES;
				CLANG_WARN_NON_LITERAL_NULL_CONVERSION = YES;
				CLANG_WARN_OBJC_IMPLICIT_RETAIN_SELF = YES;
				CLANG_WARN_OBJC_LITERAL_CONVERSION = YES;
				CLANG_WARN_OBJC_ROOT_CLASS = YES_ERROR;
				CLANG_WARN_QUOTED_INCLUDE_IN_FRAMEWORK_HEADER = YES;
				CLANG_WARN_RANGE_LOOP_ANALYSIS = YES;
				CLANG_WARN_STRICT_PROTOTYPES = YES;
				CLANG_WARN_SUSPICIOUS_MOVE = YES;
				CLANG_WARN_UNGUARDED_AVAILABILITY = YES_AGGRESSIVE;
				CLANG_WARN_UNREACHABLE_CODE = YES;
				CLANG_WARN__DUPLICATE_METHOD_MATCH = YES;
				COPY_PHASE_STRIP = NO;
				DEAD_CODE_STRIPPING = YES;
				DEBUG_INFORMATION_FORMAT = dwarf;
				ENABLE_STRICT_OBJC_MSGSEND = YES;
				ENABLE_TESTABILITY = YES;
				GCC_C_LANGUAGE_STANDARD = gnu11;
				GCC_DYNAMIC_NO_PIC = NO;
				GCC_NO_COMMON_BLOCKS = YES;
				GCC_OPTIMIZATION_LEVEL = 0;
				GCC_PREPROCESSOR_DEFINITIONS = (
					"DEBUG=1",
					"$(inherited)",
				);
				GCC_WARN_64_TO_32_BIT_CONVERSION = YES;
				GCC_WARN_ABOUT_RETURN_TYPE = YES_ERROR;
				GCC_WARN_UNDECLARED_SELECTOR = YES;
				GCC_WARN_UNINITIALIZED_AUTOS = YES_AGGRESSIVE;
				GCC_WARN_UNUSED_FUNCTION = YES;
				GCC_WARN_UNUSED_VARIABLE = YES;
				MTL_ENABLE_DEBUG_INFO = INCLUDE_SOURCE;
				MTL_FAST_MATH = YES;
				ONLY_ACTIVE_ARCH = YES;
				SWIFT_ACTIVE_COMPILATION_CONDITIONS = DEBUG;
				SWIFT_OPTIMIZATION_LEVEL = "-Onone";
			};
			name = Debug;
		};
		40E347C829452CF1003A19B9 /* Release */ = {
			isa = XCBuildConfiguration;
			buildSettings = {
				ALWAYS_SEARCH_USER_PATHS = NO;
				CLANG_ANALYZER_NONNULL = YES;
				CLANG_ANALYZER_NUMBER_OBJECT_CONVERSION = YES_AGGRESSIVE;
				CLANG_CXX_LANGUAGE_STANDARD = "gnu++20";
				CLANG_ENABLE_MODULES = YES;
				CLANG_ENABLE_OBJC_ARC = YES;
				CLANG_ENABLE_OBJC_WEAK = YES;
				CLANG_WARN_BLOCK_CAPTURE_AUTORELEASING = YES;
				CLANG_WARN_BOOL_CONVERSION = YES;
				CLANG_WARN_COMMA = YES;
				CLANG_WARN_CONSTANT_CONVERSION = YES;
				CLANG_WARN_DEPRECATED_OBJC_IMPLEMENTATIONS = YES;
				CLANG_WARN_DIRECT_OBJC_ISA_USAGE = YES_ERROR;
				CLANG_WARN_DOCUMENTATION_COMMENTS = YES;
				CLANG_WARN_EMPTY_BODY = YES;
				CLANG_WARN_ENUM_CONVERSION = YES;
				CLANG_WARN_INFINITE_RECURSION = YES;
				CLANG_WARN_INT_CONVERSION = YES;
				CLANG_WARN_NON_LITERAL_NULL_CONVERSION = YES;
				CLANG_WARN_OBJC_IMPLICIT_RETAIN_SELF = YES;
				CLANG_WARN_OBJC_LITERAL_CONVERSION = YES;
				CLANG_WARN_OBJC_ROOT_CLASS = YES_ERROR;
				CLANG_WARN_QUOTED_INCLUDE_IN_FRAMEWORK_HEADER = YES;
				CLANG_WARN_RANGE_LOOP_ANALYSIS = YES;
				CLANG_WARN_STRICT_PROTOTYPES = YES;
				CLANG_WARN_SUSPICIOUS_MOVE = YES;
				CLANG_WARN_UNGUARDED_AVAILABILITY = YES_AGGRESSIVE;
				CLANG_WARN_UNREACHABLE_CODE = YES;
				CLANG_WARN__DUPLICATE_METHOD_MATCH = YES;
				COPY_PHASE_STRIP = NO;
				DEAD_CODE_STRIPPING = YES;
				DEBUG_INFORMATION_FORMAT = "dwarf-with-dsym";
				ENABLE_NS_ASSERTIONS = NO;
				ENABLE_STRICT_OBJC_MSGSEND = YES;
				GCC_C_LANGUAGE_STANDARD = gnu11;
				GCC_NO_COMMON_BLOCKS = YES;
				GCC_WARN_64_TO_32_BIT_CONVERSION = YES;
				GCC_WARN_ABOUT_RETURN_TYPE = YES_ERROR;
				GCC_WARN_UNDECLARED_SELECTOR = YES;
				GCC_WARN_UNINITIALIZED_AUTOS = YES_AGGRESSIVE;
				GCC_WARN_UNUSED_FUNCTION = YES;
				GCC_WARN_UNUSED_VARIABLE = YES;
				MTL_ENABLE_DEBUG_INFO = NO;
				MTL_FAST_MATH = YES;
				SWIFT_COMPILATION_MODE = wholemodule;
				SWIFT_OPTIMIZATION_LEVEL = "-O";
			};
			name = Release;
		};
		40E347CA29452CF1003A19B9 /* Debug */ = {
			isa = XCBuildConfiguration;
			buildSettings = {
				ASSETCATALOG_COMPILER_APPICON_NAME = AppIcon;
				ASSETCATALOG_COMPILER_GLOBAL_ACCENT_COLOR_NAME = AccentColor;
				CODE_SIGN_ENTITLEMENTS = Sources/App.entitlements;
				CODE_SIGN_IDENTITY = "-";
				CODE_SIGN_STYLE = Automatic;
				CURRENT_PROJECT_VERSION = 10;
				DEAD_CODE_STRIPPING = YES;
				DEVELOPMENT_ASSET_PATHS = "\"Sources/Preview Content\"";
				DEVELOPMENT_TEAM = J735QC5U38;
				ENABLE_HARDENED_RUNTIME = YES;
				ENABLE_PREVIEWS = YES;
				GENERATE_INFOPLIST_FILE = YES;
				INFOPLIST_FILE = Sources/Info.plist;
				INFOPLIST_KEY_CFBundleDisplayName = "Gym Routine";
				INFOPLIST_KEY_LSApplicationCategoryType = "public.app-category.healthcare-fitness";
				"INFOPLIST_KEY_UIApplicationSceneManifest_Generation[sdk=iphoneos*]" = YES;
				"INFOPLIST_KEY_UIApplicationSceneManifest_Generation[sdk=iphonesimulator*]" = YES;
				"INFOPLIST_KEY_UIApplicationSupportsIndirectInputEvents[sdk=iphoneos*]" = YES;
				"INFOPLIST_KEY_UIApplicationSupportsIndirectInputEvents[sdk=iphonesimulator*]" = YES;
				"INFOPLIST_KEY_UILaunchScreen_Generation[sdk=iphoneos*]" = YES;
				"INFOPLIST_KEY_UILaunchScreen_Generation[sdk=iphonesimulator*]" = YES;
				"INFOPLIST_KEY_UIStatusBarStyle[sdk=iphoneos*]" = UIStatusBarStyleDefault;
				"INFOPLIST_KEY_UIStatusBarStyle[sdk=iphonesimulator*]" = UIStatusBarStyleDefault;
				INFOPLIST_KEY_UISupportedInterfaceOrientations_iPad = "UIInterfaceOrientationPortrait UIInterfaceOrientationPortraitUpsideDown UIInterfaceOrientationLandscapeLeft UIInterfaceOrientationLandscapeRight";
				INFOPLIST_KEY_UISupportedInterfaceOrientations_iPhone = "UIInterfaceOrientationPortrait UIInterfaceOrientationLandscapeLeft UIInterfaceOrientationLandscapeRight";
				IPHONEOS_DEPLOYMENT_TARGET = 16.1;
				LD_RUNPATH_SEARCH_PATHS = "@executable_path/Frameworks";
				"LD_RUNPATH_SEARCH_PATHS[sdk=macosx*]" = "@executable_path/../Frameworks";
				MACOSX_DEPLOYMENT_TARGET = 13.0;
				MARKETING_VERSION = 1.6.1;
				PRODUCT_BUNDLE_IDENTIFIER = org.openalloc.grout.plus;
				PRODUCT_NAME = "$(TARGET_NAME)";
				SDKROOT = auto;
				SUPPORTED_PLATFORMS = "iphoneos iphonesimulator";
				SUPPORTS_MACCATALYST = NO;
				SUPPORTS_MAC_DESIGNED_FOR_IPHONE_IPAD = NO;
				SWIFT_EMIT_LOC_STRINGS = YES;
				SWIFT_VERSION = 5.0;
				TARGETED_DEVICE_FAMILY = "1,2";
			};
			name = Debug;
		};
		40E347CB29452CF1003A19B9 /* Release */ = {
			isa = XCBuildConfiguration;
			buildSettings = {
				ASSETCATALOG_COMPILER_APPICON_NAME = AppIcon;
				ASSETCATALOG_COMPILER_GLOBAL_ACCENT_COLOR_NAME = AccentColor;
				CODE_SIGN_ENTITLEMENTS = Sources/App.entitlements;
				CODE_SIGN_IDENTITY = "-";
				CODE_SIGN_STYLE = Automatic;
				CURRENT_PROJECT_VERSION = 10;
				DEAD_CODE_STRIPPING = YES;
				DEVELOPMENT_ASSET_PATHS = "\"Sources/Preview Content\"";
				DEVELOPMENT_TEAM = J735QC5U38;
				ENABLE_HARDENED_RUNTIME = YES;
				ENABLE_PREVIEWS = YES;
				GENERATE_INFOPLIST_FILE = YES;
				INFOPLIST_FILE = Sources/Info.plist;
				INFOPLIST_KEY_CFBundleDisplayName = "Gym Routine";
				INFOPLIST_KEY_LSApplicationCategoryType = "public.app-category.healthcare-fitness";
				"INFOPLIST_KEY_UIApplicationSceneManifest_Generation[sdk=iphoneos*]" = YES;
				"INFOPLIST_KEY_UIApplicationSceneManifest_Generation[sdk=iphonesimulator*]" = YES;
				"INFOPLIST_KEY_UIApplicationSupportsIndirectInputEvents[sdk=iphoneos*]" = YES;
				"INFOPLIST_KEY_UIApplicationSupportsIndirectInputEvents[sdk=iphonesimulator*]" = YES;
				"INFOPLIST_KEY_UILaunchScreen_Generation[sdk=iphoneos*]" = YES;
				"INFOPLIST_KEY_UILaunchScreen_Generation[sdk=iphonesimulator*]" = YES;
				"INFOPLIST_KEY_UIStatusBarStyle[sdk=iphoneos*]" = UIStatusBarStyleDefault;
				"INFOPLIST_KEY_UIStatusBarStyle[sdk=iphonesimulator*]" = UIStatusBarStyleDefault;
				INFOPLIST_KEY_UISupportedInterfaceOrientations_iPad = "UIInterfaceOrientationPortrait UIInterfaceOrientationPortraitUpsideDown UIInterfaceOrientationLandscapeLeft UIInterfaceOrientationLandscapeRight";
				INFOPLIST_KEY_UISupportedInterfaceOrientations_iPhone = "UIInterfaceOrientationPortrait UIInterfaceOrientationLandscapeLeft UIInterfaceOrientationLandscapeRight";
				IPHONEOS_DEPLOYMENT_TARGET = 16.1;
				LD_RUNPATH_SEARCH_PATHS = "@executable_path/Frameworks";
				"LD_RUNPATH_SEARCH_PATHS[sdk=macosx*]" = "@executable_path/../Frameworks";
				MACOSX_DEPLOYMENT_TARGET = 13.0;
				MARKETING_VERSION = 1.6.1;
				PRODUCT_BUNDLE_IDENTIFIER = org.openalloc.grout.plus;
				PRODUCT_NAME = "$(TARGET_NAME)";
				SDKROOT = auto;
				SUPPORTED_PLATFORMS = "iphoneos iphonesimulator";
				SUPPORTS_MACCATALYST = NO;
				SUPPORTS_MAC_DESIGNED_FOR_IPHONE_IPAD = NO;
				SWIFT_EMIT_LOC_STRINGS = YES;
				SWIFT_VERSION = 5.0;
				TARGETED_DEVICE_FAMILY = "1,2";
			};
			name = Release;
		};
/* End XCBuildConfiguration section */

/* Begin XCConfigurationList section */
		40E347B529452CF0003A19B9 /* Build configuration list for PBXProject "Gym Routine Tracker Plus" */ = {
			isa = XCConfigurationList;
			buildConfigurations = (
				40E347C729452CF1003A19B9 /* Debug */,
				40E347C829452CF1003A19B9 /* Release */,
			);
			defaultConfigurationIsVisible = 0;
			defaultConfigurationName = Release;
		};
		40E347C929452CF1003A19B9 /* Build configuration list for PBXNativeTarget "Gym Routine Tracker Plus" */ = {
			isa = XCConfigurationList;
			buildConfigurations = (
				40E347CA29452CF1003A19B9 /* Debug */,
				40E347CB29452CF1003A19B9 /* Release */,
			);
			defaultConfigurationIsVisible = 0;
			defaultConfigurationName = Release;
		};
/* End XCConfigurationList section */

/* Begin XCRemoteSwiftPackageReference section */
		402A5F30296B835B00A43DB3 /* XCRemoteSwiftPackageReference "SwiftTabler" */ = {
			isa = XCRemoteSwiftPackageReference;
			repositoryURL = "https://github.com/openalloc/SwiftTabler.git";
			requirement = {
				kind = upToNextMajorVersion;
				minimumVersion = 0.9.6;
			};
		};
		403CA2CC2971F6660084785B /* XCRemoteSwiftPackageReference "ZIPFoundation" */ = {
			isa = XCRemoteSwiftPackageReference;
			repositoryURL = "https://github.com/weichsel/ZIPFoundation.git";
			requirement = {
				kind = upToNextMajorVersion;
				minimumVersion = 0.9.9;
			};
		};
		40E347D129452E4B003A19B9 /* XCRemoteSwiftPackageReference "SwiftCompactor" */ = {
			isa = XCRemoteSwiftPackageReference;
			repositoryURL = "https://github.com/openalloc/SwiftCompactor.git";
			requirement = {
				kind = upToNextMajorVersion;
				minimumVersion = 1.0.0;
			};
		};
		40EBE1CA29635306004B9189 /* XCRemoteSwiftPackageReference "GroutUI" */ = {
			isa = XCRemoteSwiftPackageReference;
			repositoryURL = "https://github.com/gym-routine-tracker/GroutUI.git";
			requirement = {
				kind = upToNextMajorVersion;
				minimumVersion = 1.1.0;
			};
		};
/* End XCRemoteSwiftPackageReference section */

/* Begin XCSwiftPackageProductDependency section */
		402A5F31296B835B00A43DB3 /* Tabler */ = {
			isa = XCSwiftPackageProductDependency;
			package = 402A5F30296B835B00A43DB3 /* XCRemoteSwiftPackageReference "SwiftTabler" */;
			productName = Tabler;
		};
		403CA2CD2971F6660084785B /* ZIPFoundation */ = {
			isa = XCSwiftPackageProductDependency;
			package = 403CA2CC2971F6660084785B /* XCRemoteSwiftPackageReference "ZIPFoundation" */;
			productName = ZIPFoundation;
		};
		40B51E44294549DF0047377A /* GroutUI */ = {
			isa = XCSwiftPackageProductDependency;
			productName = GroutUI;
		};
		40CCF3F529454D2B007DDE69 /* GroutLib */ = {
			isa = XCSwiftPackageProductDependency;
			productName = GroutLib;
		};
		40E347D229452E4B003A19B9 /* Compactor */ = {
			isa = XCSwiftPackageProductDependency;
			package = 40E347D129452E4B003A19B9 /* XCRemoteSwiftPackageReference "SwiftCompactor" */;
			productName = Compactor;
		};
		40EBE1CB29635306004B9189 /* GroutUI */ = {
			isa = XCSwiftPackageProductDependency;
			package = 40EBE1CA29635306004B9189 /* XCRemoteSwiftPackageReference "GroutUI" */;
			productName = GroutUI;
		};
/* End XCSwiftPackageProductDependency section */
	};
	rootObject = 40E347B229452CF0003A19B9 /* Project object */;
}
